
Microsoft Visual Studio Solution File, Format Version 12.00
# Visual Studio Version 16
VisualStudioVersion = 16.0.31702.278
MinimumVisualStudioVersion = 10.0.40219.1
Project("{8BC9CEB8-8B4A-11D0-8D11-00A0C91BC942}") = "wslApi-sample", "wslApi-sample\wslApi-sample.vcxproj", "{F599A868-6C76-4342-B64E-65EBE99430F3}"
EndProject
Global
	GlobalSection(SolutionConfigurationPlatforms) = preSolution
		Debug|x64 = Debug|x64
		Release|x64 = Release|x64
	EndGlobalSection
	GlobalSection(ProjectConfigurationPlatforms) = postSolution
		{F599A868-6C76-4342-B64E-65EBE99430F3}.Debug|x64.ActiveCfg = Debug|x64
		{F599A868-6C76-4342-B64E-65EBE99430F3}.Debug|x64.Build.0 = Debug|x64
		{F599A868-6C76-4342-B64E-65EBE99430F3}.Release|x64.ActiveCfg = Release|x64
		{F599A868-6C76-4342-B64E-65EBE99430F3}.Release|x64.Build.0 = Release|x64
	EndGlobalSection
	GlobalSection(SolutionProperties) = preSolution
		HideSolutionNode = FALSE
	EndGlobalSection
	GlobalSection(ExtensibilityGlobals) = postSolution
		SolutionGuid = {C4417EDA-2D31-4D59-BE17-4E19DFE37007}
	EndGlobalSection
EndGlobal
